
Microsoft Visual Studio Solution File, Format Version 12.00
# Visual Studio Version 17
VisualStudioVersion = 17.8.34511.84
MinimumVisualStudioVersion = 10.0.40219.1
Project("{FAE04EC0-301F-11D3-BF4B-00C04F79EFBC}") = "UrlScreenshotTaker", "UrlScreenshotTaker\UrlScreenshotTaker.csproj", "{6F9E565A-5108-4B44-BE4B-C36B56FAE26F}"
EndProject
Global
	GlobalSection(SolutionConfigurationPlatforms) = preSolution
		Debug|Any CPU = Debug|Any CPU
		Release|Any CPU = Release|Any CPU
	EndGlobalSection
	GlobalSection(ProjectConfigurationPlatforms) = postSolution
		{6F9E565A-5108-4B44-BE4B-C36B56FAE26F}.Debug|Any CPU.ActiveCfg = Debug|Any CPU
		{6F9E565A-5108-4B44-BE4B-C36B56FAE26F}.Debug|Any CPU.Build.0 = Debug|Any CPU
		{6F9E565A-5108-4B44-BE4B-C36B56FAE26F}.Release|Any CPU.ActiveCfg = Release|Any CPU
		{6F9E565A-5108-4B44-BE4B-C36B56FAE26F}.Release|Any CPU.Build.0 = Release|Any CPU
	EndGlobalSection
	GlobalSection(SolutionProperties) = preSolution
		HideSolutionNode = FALSE
	EndGlobalSection
	GlobalSection(ExtensibilityGlobals) = postSolution
		SolutionGuid = {3FDC3478-32B6-45C5-979A-3988E35878D0}
	EndGlobalSection
EndGlobal
